
Microsoft Visual Studio Solution File, Format Version 12.00
# Visual Studio Version 17
VisualStudioVersion = 17.13.35806.99
MinimumVisualStudioVersion = 10.0.40219.1
Project("{FAE04EC0-301F-11D3-BF4B-00C04F79EFBC}") = "TgStats.Api", "TgStats.Api\TgStats.Api.csproj", "{8EDD19E0-0846-4A47-A93A-0578E3DF1518}"
EndProject
Project("{2150E333-8FDC-42A3-9474-1A3956D46DE8}") = "User", "User", "{36D591C7-65C7-A0D1-1CBC-10CDE441BDC8}"
EndProject
Project("{2150E333-8FDC-42A3-9474-1A3956D46DE8}") = "Domain", "Domain", "{A434CBAB-E764-4781-A787-2DEF94CE1BD0}"
EndProject
Project("{2150E333-8FDC-42A3-9474-1A3956D46DE8}") = "Application", "Application", "{2F879BD4-5675-4A78-9A61-3D8DAD0F31BF}"
EndProject
Project("{2150E333-8FDC-42A3-9474-1A3956D46DE8}") = "Infrastructure", "Infrastructure", "{2EFB7253-9D88-44A9-96D4-468DBB24DF54}"
EndProject
Project("{2150E333-8FDC-42A3-9474-1A3956D46DE8}") = "Api", "Api", "{27F72564-629A-40A8-8761-75523EBE100D}"
EndProject
Project("{FAE04EC0-301F-11D3-BF4B-00C04F79EFBC}") = "TgStats.User.Api", "TgStats.User.Api\TgStats.User.Api.csproj", "{29C5B853-CECE-4B0D-BE8D-8069736608C7}"
EndProject
Project("{FAE04EC0-301F-11D3-BF4B-00C04F79EFBC}") = "TgStats.user.Domain", "TgStats.user.Domain\TgStats.user.Domain.csproj", "{C5A81214-6560-45A5-9967-F69CB5491EB8}"
EndProject
Project("{2150E333-8FDC-42A3-9474-1A3956D46DE8}") = "Core", "Core", "{A7047A8B-7115-4CBC-B748-9C471499986C}"
EndProject
Project("{2150E333-8FDC-42A3-9474-1A3956D46DE8}") = "Domain", "Domain", "{C4782A00-9CCA-4B9F-8BD2-35639160A977}"
EndProject
Project("{FAE04EC0-301F-11D3-BF4B-00C04F79EFBC}") = "TgStats.Core.Domain", "TgStats.Core.Domain\TgStats.Core.Domain.csproj", "{B2A1B588-F474-4F91-8769-D11D84B006CB}"
EndProject
Project("{FAE04EC0-301F-11D3-BF4B-00C04F79EFBC}") = "TgStats.user.Application", "TgStats.user.Application\TgStats.user.Application.csproj", "{41354A7C-613F-482A-A87E-42E342ACE8EA}"
EndProject
Project("{FAE04EC0-301F-11D3-BF4B-00C04F79EFBC}") = "TgStats.User.Infrastructure.Migrations", "TgStats.User.Infrastructure.Migration\TgStats.User.Infrastructure.Migrations.csproj", "{897935FB-3573-48DE-A82E-9DABF399705D}"
EndProject
Project("{FAE04EC0-301F-11D3-BF4B-00C04F79EFBC}") = "TgStats.User.Api.Migration", "TgStats.User.Api.Migration\TgStats.User.Api.Migration.csproj", "{DA347CD9-414A-475B-B8DD-CA88F61800E6}"
EndProject
Project("{FAE04EC0-301F-11D3-BF4B-00C04F79EFBC}") = "TgStats.user.Domain.Repositories", "TgStats.user.Domain.Repositories\TgStats.user.Domain.Repositories.csproj", "{9A0DCD30-B710-4477-9954-B93ED4730275}"
EndProject
Project("{FAE04EC0-301F-11D3-BF4B-00C04F79EFBC}") = "TgStats.User.Infrastructure.Repositories", "TgStats.User.Infrastructure.Repositories\TgStats.User.Infrastructure.Repositories.csproj", "{42AD2F22-6DCF-40FA-AE3F-FB69218A045D}"
EndProject
Project("{2150E333-8FDC-42A3-9474-1A3956D46DE8}") = "Repositories", "Repositories", "{6ABBCDCD-459A-487A-AD61-D9790D893111}"
EndProject
Project("{2150E333-8FDC-42A3-9474-1A3956D46DE8}") = "Data", "Data", "{F15A7243-3CA6-4AD5-A6D9-57C832EB67A2}"
EndProject
Project("{FAE04EC0-301F-11D3-BF4B-00C04F79EFBC}") = "TgStats.User.Infrastructure.Data.EF", "TgStats.User.Infrastructure.Data.EF\TgStats.User.Infrastructure.Data.EF.csproj", "{04B4919F-BB55-415A-90CD-2EC0BCE87A4B}"
EndProject
Project("{FAE04EC0-301F-11D3-BF4B-00C04F79EFBC}") = "TgStats.User.Infrastructure.Auth", "TgStats.User.Infrastructure.Data.Auth\TgStats.User.Infrastructure.Auth.csproj", "{EC51507E-D975-4AA8-A939-BCB8DF7B6FE3}"
EndProject
Global
	GlobalSection(SolutionConfigurationPlatforms) = preSolution
		Debug|Any CPU = Debug|Any CPU
		Release|Any CPU = Release|Any CPU
	EndGlobalSection
	GlobalSection(ProjectConfigurationPlatforms) = postSolution
		{8EDD19E0-0846-4A47-A93A-0578E3DF1518}.Debug|Any CPU.ActiveCfg = Debug|Any CPU
		{8EDD19E0-0846-4A47-A93A-0578E3DF1518}.Debug|Any CPU.Build.0 = Debug|Any CPU
		{8EDD19E0-0846-4A47-A93A-0578E3DF1518}.Release|Any CPU.ActiveCfg = Release|Any CPU
		{8EDD19E0-0846-4A47-A93A-0578E3DF1518}.Release|Any CPU.Build.0 = Release|Any CPU
		{29C5B853-CECE-4B0D-BE8D-8069736608C7}.Debug|Any CPU.ActiveCfg = Debug|Any CPU
		{29C5B853-CECE-4B0D-BE8D-8069736608C7}.Debug|Any CPU.Build.0 = Debug|Any CPU
		{29C5B853-CECE-4B0D-BE8D-8069736608C7}.Release|Any CPU.ActiveCfg = Release|Any CPU
		{29C5B853-CECE-4B0D-BE8D-8069736608C7}.Release|Any CPU.Build.0 = Release|Any CPU
		{C5A81214-6560-45A5-9967-F69CB5491EB8}.Debug|Any CPU.ActiveCfg = Debug|Any CPU
		{C5A81214-6560-45A5-9967-F69CB5491EB8}.Debug|Any CPU.Build.0 = Debug|Any CPU
		{C5A81214-6560-45A5-9967-F69CB5491EB8}.Release|Any CPU.ActiveCfg = Release|Any CPU
		{C5A81214-6560-45A5-9967-F69CB5491EB8}.Release|Any CPU.Build.0 = Release|Any CPU
		{B2A1B588-F474-4F91-8769-D11D84B006CB}.Debug|Any CPU.ActiveCfg = Debug|Any CPU
		{B2A1B588-F474-4F91-8769-D11D84B006CB}.Debug|Any CPU.Build.0 = Debug|Any CPU
		{B2A1B588-F474-4F91-8769-D11D84B006CB}.Release|Any CPU.ActiveCfg = Release|Any CPU
		{B2A1B588-F474-4F91-8769-D11D84B006CB}.Release|Any CPU.Build.0 = Release|Any CPU
		{41354A7C-613F-482A-A87E-42E342ACE8EA}.Debug|Any CPU.ActiveCfg = Debug|Any CPU
		{41354A7C-613F-482A-A87E-42E342ACE8EA}.Debug|Any CPU.Build.0 = Debug|Any CPU
		{41354A7C-613F-482A-A87E-42E342ACE8EA}.Release|Any CPU.ActiveCfg = Release|Any CPU
		{41354A7C-613F-482A-A87E-42E342ACE8EA}.Release|Any CPU.Build.0 = Release|Any CPU
		{897935FB-3573-48DE-A82E-9DABF399705D}.Debug|Any CPU.ActiveCfg = Debug|Any CPU
		{897935FB-3573-48DE-A82E-9DABF399705D}.Debug|Any CPU.Build.0 = Debug|Any CPU
		{897935FB-3573-48DE-A82E-9DABF399705D}.Release|Any CPU.ActiveCfg = Release|Any CPU
		{897935FB-3573-48DE-A82E-9DABF399705D}.Release|Any CPU.Build.0 = Release|Any CPU
		{DA347CD9-414A-475B-B8DD-CA88F61800E6}.Debug|Any CPU.ActiveCfg = Debug|Any CPU
		{DA347CD9-414A-475B-B8DD-CA88F61800E6}.Debug|Any CPU.Build.0 = Debug|Any CPU
		{DA347CD9-414A-475B-B8DD-CA88F61800E6}.Release|Any CPU.ActiveCfg = Release|Any CPU
		{DA347CD9-414A-475B-B8DD-CA88F61800E6}.Release|Any CPU.Build.0 = Release|Any CPU
		{9A0DCD30-B710-4477-9954-B93ED4730275}.Debug|Any CPU.ActiveCfg = Debug|Any CPU
		{9A0DCD30-B710-4477-9954-B93ED4730275}.Debug|Any CPU.Build.0 = Debug|Any CPU
		{9A0DCD30-B710-4477-9954-B93ED4730275}.Release|Any CPU.ActiveCfg = Release|Any CPU
		{9A0DCD30-B710-4477-9954-B93ED4730275}.Release|Any CPU.Build.0 = Release|Any CPU
		{42AD2F22-6DCF-40FA-AE3F-FB69218A045D}.Debug|Any CPU.ActiveCfg = Debug|Any CPU
		{42AD2F22-6DCF-40FA-AE3F-FB69218A045D}.Debug|Any CPU.Build.0 = Debug|Any CPU
		{42AD2F22-6DCF-40FA-AE3F-FB69218A045D}.Release|Any CPU.ActiveCfg = Release|Any CPU
		{42AD2F22-6DCF-40FA-AE3F-FB69218A045D}.Release|Any CPU.Build.0 = Release|Any CPU
		{04B4919F-BB55-415A-90CD-2EC0BCE87A4B}.Debug|Any CPU.ActiveCfg = Debug|Any CPU
		{04B4919F-BB55-415A-90CD-2EC0BCE87A4B}.Debug|Any CPU.Build.0 = Debug|Any CPU
		{04B4919F-BB55-415A-90CD-2EC0BCE87A4B}.Release|Any CPU.ActiveCfg = Release|Any CPU
		{04B4919F-BB55-415A-90CD-2EC0BCE87A4B}.Release|Any CPU.Build.0 = Release|Any CPU
		{EC51507E-D975-4AA8-A939-BCB8DF7B6FE3}.Debug|Any CPU.ActiveCfg = Debug|Any CPU
		{EC51507E-D975-4AA8-A939-BCB8DF7B6FE3}.Debug|Any CPU.Build.0 = Debug|Any CPU
		{EC51507E-D975-4AA8-A939-BCB8DF7B6FE3}.Release|Any CPU.ActiveCfg = Release|Any CPU
		{EC51507E-D975-4AA8-A939-BCB8DF7B6FE3}.Release|Any CPU.Build.0 = Release|Any CPU
	EndGlobalSection
	GlobalSection(SolutionProperties) = preSolution
		HideSolutionNode = FALSE
	EndGlobalSection
	GlobalSection(NestedProjects) = preSolution
		{A434CBAB-E764-4781-A787-2DEF94CE1BD0} = {36D591C7-65C7-A0D1-1CBC-10CDE441BDC8}
		{2F879BD4-5675-4A78-9A61-3D8DAD0F31BF} = {36D591C7-65C7-A0D1-1CBC-10CDE441BDC8}
		{2EFB7253-9D88-44A9-96D4-468DBB24DF54} = {36D591C7-65C7-A0D1-1CBC-10CDE441BDC8}
		{27F72564-629A-40A8-8761-75523EBE100D} = {36D591C7-65C7-A0D1-1CBC-10CDE441BDC8}
		{29C5B853-CECE-4B0D-BE8D-8069736608C7} = {27F72564-629A-40A8-8761-75523EBE100D}
		{C5A81214-6560-45A5-9967-F69CB5491EB8} = {A434CBAB-E764-4781-A787-2DEF94CE1BD0}
		{C4782A00-9CCA-4B9F-8BD2-35639160A977} = {A7047A8B-7115-4CBC-B748-9C471499986C}
		{B2A1B588-F474-4F91-8769-D11D84B006CB} = {C4782A00-9CCA-4B9F-8BD2-35639160A977}
		{41354A7C-613F-482A-A87E-42E342ACE8EA} = {2F879BD4-5675-4A78-9A61-3D8DAD0F31BF}
		{897935FB-3573-48DE-A82E-9DABF399705D} = {F15A7243-3CA6-4AD5-A6D9-57C832EB67A2}
		{DA347CD9-414A-475B-B8DD-CA88F61800E6} = {27F72564-629A-40A8-8761-75523EBE100D}
		{9A0DCD30-B710-4477-9954-B93ED4730275} = {A434CBAB-E764-4781-A787-2DEF94CE1BD0}
		{42AD2F22-6DCF-40FA-AE3F-FB69218A045D} = {6ABBCDCD-459A-487A-AD61-D9790D893111}
		{6ABBCDCD-459A-487A-AD61-D9790D893111} = {2EFB7253-9D88-44A9-96D4-468DBB24DF54}
		{F15A7243-3CA6-4AD5-A6D9-57C832EB67A2} = {2EFB7253-9D88-44A9-96D4-468DBB24DF54}
		{04B4919F-BB55-415A-90CD-2EC0BCE87A4B} = {F15A7243-3CA6-4AD5-A6D9-57C832EB67A2}
		{EC51507E-D975-4AA8-A939-BCB8DF7B6FE3} = {2EFB7253-9D88-44A9-96D4-468DBB24DF54}
	EndGlobalSection
	GlobalSection(ExtensibilityGlobals) = postSolution
		SolutionGuid = {B3E9A64F-EE43-408A-A1FD-622DE1994E5E}
	EndGlobalSection
EndGlobal
